// !$*UTF8*$!
{
	archiveVersion = 1;
	classes = {
	};
	objectVersion = 55;
	objects = {

/* Begin PBXBuildFile section */
		F0B4E68427F8E4DB000810FB /* AppDelegate.swift in Sources */ = {isa = PBXBuildFile; fileRef = F0B4E68327F8E4DB000810FB /* AppDelegate.swift */; };
		F0B4E68627F8E4DB000810FB /* SceneDelegate.swift in Sources */ = {isa = PBXBuildFile; fileRef = F0B4E68527F8E4DB000810FB /* SceneDelegate.swift */; };
		F0B4E68B27F8E4DB000810FB /* Main.storyboard in Resources */ = {isa = PBXBuildFile; fileRef = F0B4E68927F8E4DB000810FB /* Main.storyboard */; };
		F0B4E68E27F8E4DB000810FB /* MyContactsAppCD.xcdatamodeld in Sources */ = {isa = PBXBuildFile; fileRef = F0B4E68C27F8E4DB000810FB /* MyContactsAppCD.xcdatamodeld */; };
		F0B4E69027F8E4DD000810FB /* Assets.xcassets in Resources */ = {isa = PBXBuildFile; fileRef = F0B4E68F27F8E4DD000810FB /* Assets.xcassets */; };
		F0B4E69327F8E4DD000810FB /* LaunchScreen.storyboard in Resources */ = {isa = PBXBuildFile; fileRef = F0B4E69127F8E4DD000810FB /* LaunchScreen.storyboard */; };
		F0B4E69B27F8E5EA000810FB /* ContactsTableViewController.swift in Sources */ = {isa = PBXBuildFile; fileRef = F0B4E69A27F8E5EA000810FB /* ContactsTableViewController.swift */; };
		F0B4E69D27F8E61C000810FB /* AddContactViewController.swift in Sources */ = {isa = PBXBuildFile; fileRef = F0B4E69C27F8E61C000810FB /* AddContactViewController.swift */; };
		F0B4E69F27F8FA79000810FB /* Contact.swift in Sources */ = {isa = PBXBuildFile; fileRef = F0B4E69E27F8FA79000810FB /* Contact.swift */; };
/* End PBXBuildFile section */

/* Begin PBXFileReference section */
		F0B4E68027F8E4DB000810FB /* MyContactsAppCD.app */ = {isa = PBXFileReference; explicitFileType = wrapper.application; includeInIndex = 0; path = MyContactsAppCD.app; sourceTree = BUILT_PRODUCTS_DIR; };
		F0B4E68327F8E4DB000810FB /* AppDelegate.swift */ = {isa = PBXFileReference; lastKnownFileType = sourcecode.swift; path = AppDelegate.swift; sourceTree = "<group>"; };
		F0B4E68527F8E4DB000810FB /* SceneDelegate.swift */ = {isa = PBXFileReference; lastKnownFileType = sourcecode.swift; path = SceneDelegate.swift; sourceTree = "<group>"; };
		F0B4E68A27F8E4DB000810FB /* Base */ = {isa = PBXFileReference; lastKnownFileType = file.storyboard; name = Base; path = Base.lproj/Main.storyboard; sourceTree = "<group>"; };
		F0B4E68D27F8E4DB000810FB /* MyContactsAppCD.xcdatamodel */ = {isa = PBXFileReference; lastKnownFileType = wrapper.xcdatamodel; path = MyContactsAppCD.xcdatamodel; sourceTree = "<group>"; };
		F0B4E68F27F8E4DD000810FB /* Assets.xcassets */ = {isa = PBXFileReference; lastKnownFileType = folder.assetcatalog; path = Assets.xcassets; sourceTree = "<group>"; };
		F0B4E69227F8E4DD000810FB /* Base */ = {isa = PBXFileReference; lastKnownFileType = file.storyboard; name = Base; path = Base.lproj/LaunchScreen.storyboard; sourceTree = "<group>"; };
		F0B4E69427F8E4DD000810FB /* Info.plist */ = {isa = PBXFileReference; lastKnownFileType = text.plist.xml; path = Info.plist; sourceTree = "<group>"; };
		F0B4E69A27F8E5EA000810FB /* ContactsTableViewController.swift */ = {isa = PBXFileReference; lastKnownFileType = sourcecode.swift; path = ContactsTableViewController.swift; sourceTree = "<group>"; };
		F0B4E69C27F8E61C000810FB /* AddContactViewController.swift */ = {isa = PBXFileReference; lastKnownFileType = sourcecode.swift; path = AddContactViewController.swift; sourceTree = "<group>"; };
		F0B4E69E27F8FA79000810FB /* Contact.swift */ = {isa = PBXFileReference; lastKnownFileType = sourcecode.swift; path = Contact.swift; sourceTree = "<group>"; };
/* End PBXFileReference section */

/* Begin PBXFrameworksBuildPhase section */
		F0B4E67D27F8E4DB000810FB /* Frameworks */ = {
			isa = PBXFrameworksBuildPhase;
			buildActionMask = 2147483647;
			files = (
			);
			runOnlyForDeploymentPostprocessing = 0;
		};
/* End PBXFrameworksBuildPhase section */

/* Begin PBXGroup section */
		F0B4E67727F8E4DB000810FB = {
			isa = PBXGroup;
			children = (
				F0B4E68227F8E4DB000810FB /* MyContactsAppCD */,
				F0B4E68127F8E4DB000810FB /* Products */,
			);
			sourceTree = "<group>";
		};
		F0B4E68127F8E4DB000810FB /* Products */ = {
			isa = PBXGroup;
			children = (
				F0B4E68027F8E4DB000810FB /* MyContactsAppCD.app */,
			);
			name = Products;
			sourceTree = "<group>";
		};
		F0B4E68227F8E4DB000810FB /* MyContactsAppCD */ = {
			isa = PBXGroup;
			children = (
				F0B4E68327F8E4DB000810FB /* AppDelegate.swift */,
				F0B4E68527F8E4DB000810FB /* SceneDelegate.swift */,
				F0B4E68927F8E4DB000810FB /* Main.storyboard */,
				F0B4E69E27F8FA79000810FB /* Contact.swift */,
				F0B4E69C27F8E61C000810FB /* AddContactViewController.swift */,
				F0B4E69A27F8E5EA000810FB /* ContactsTableViewController.swift */,
				F0B4E68F27F8E4DD000810FB /* Assets.xcassets */,
				F0B4E69127F8E4DD000810FB /* LaunchScreen.storyboard */,
				F0B4E69427F8E4DD000810FB /* Info.plist */,
				F0B4E68C27F8E4DB000810FB /* MyContactsAppCD.xcdatamodeld */,
			);
			path = MyContactsAppCD;
			sourceTree = "<group>";
		};
/* End PBXGroup section */

/* Begin PBXNativeTarget section */
		F0B4E67F27F8E4DB000810FB /* MyContactsAppCD */ = {
			isa = PBXNativeTarget;
			buildConfigurationList = F0B4E69727F8E4DD000810FB /* Build configuration list for PBXNativeTarget "MyContactsAppCD" */;
			buildPhases = (
				F0B4E67C27F8E4DB000810FB /* Sources */,
				F0B4E67D27F8E4DB000810FB /* Frameworks */,
				F0B4E67E27F8E4DB000810FB /* Resources */,
			);
			buildRules = (
			);
			dependencies = (
			);
			name = MyContactsAppCD;
			productName = MyContactsAppCD;
			productReference = F0B4E68027F8E4DB000810FB /* MyContactsAppCD.app */;
			productType = "com.apple.product-type.application";
		};
/* End PBXNativeTarget section */

/* Begin PBXProject section */
		F0B4E67827F8E4DB000810FB /* Project object */ = {
			isa = PBXProject;
			attributes = {
				BuildIndependentTargetsInParallel = 1;
				LastSwiftUpdateCheck = 1330;
				LastUpgradeCheck = 1330;
				TargetAttributes = {
					F0B4E67F27F8E4DB000810FB = {
						CreatedOnToolsVersion = 13.3;
					};
				};
			};
			buildConfigurationList = F0B4E67B27F8E4DB000810FB /* Build configuration list for PBXProject "MyContactsAppCD" */;
			compatibilityVersion = "Xcode 13.0";
			developmentRegion = en;
			hasScannedForEncodings = 0;
			knownRegions = (
				en,
				Base,
			);
			mainGroup = F0B4E67727F8E4DB000810FB;
			productRefGroup = F0B4E68127F8E4DB000810FB /* Products */;
			projectDirPath = "";
			projectRoot = "";
			targets = (
				F0B4E67F27F8E4DB000810FB /* MyContactsAppCD */,
			);
		};
/* End PBXProject section */

/* Begin PBXResourcesBuildPhase section */
		F0B4E67E27F8E4DB000810FB /* Resources */ = {
			isa = PBXResourcesBuildPhase;
			buildActionMask = 2147483647;
			files = (
				F0B4E69327F8E4DD000810FB /* LaunchScreen.storyboard in Resources */,
				F0B4E69027F8E4DD000810FB /* Assets.xcassets in Resources */,
				F0B4E68B27F8E4DB000810FB /* Main.storyboard in Resources */,
			);
			runOnlyForDeploymentPostprocessing = 0;
		};
/* End PBXResourcesBuildPhase section */

/* Begin PBXSourcesBuildPhase section */
		F0B4E67C27F8E4DB000810FB /* Sources */ = {
			isa = PBXSourcesBuildPhase;
			buildActionMask = 2147483647;
			files = (
				F0B4E69F27F8FA79000810FB /* Contact.swift in Sources */,
				F0B4E69D27F8E61C000810FB /* AddContactViewController.swift in Sources */,
				F0B4E68E27F8E4DB000810FB /* MyContactsAppCD.xcdatamodeld in Sources */,
				F0B4E68427F8E4DB000810FB /* AppDelegate.swift in Sources */,
				F0B4E69B27F8E5EA000810FB /* ContactsTableViewController.swift in Sources */,
				F0B4E68627F8E4DB000810FB /* SceneDelegate.swift in Sources */,
			);
			runOnlyForDeploymentPostprocessing = 0;
		};
/* End PBXSourcesBuildPhase section */

/* Begin PBXVariantGroup section */
		F0B4E68927F8E4DB000810FB /* Main.storyboard */ = {
			isa = PBXVariantGroup;
			children = (
				F0B4E68A27F8E4DB000810FB /* Base */,
			);
			name = Main.storyboard;
			sourceTree = "<group>";
		};
		F0B4E69127F8E4DD000810FB /* LaunchScreen.storyboard */ = {
			isa = PBXVariantGroup;
			children = (
				F0B4E69227F8E4DD000810FB /* Base */,
			);
			name = LaunchScreen.storyboard;
			sourceTree = "<group>";
		};
/* End PBXVariantGroup section */

/* Begin XCBuildConfiguration section */
		F0B4E69527F8E4DD000810FB /* Debug */ = {
			isa = XCBuildConfiguration;
			buildSettings = {
				ALWAYS_SEARCH_USER_PATHS = NO;
				CLANG_ANALYZER_NONNULL = YES;
				CLANG_ANALYZER_NUMBER_OBJECT_CONVERSION = YES_AGGRESSIVE;
				CLANG_CXX_LANGUAGE_STANDARD = "gnu++17";
				CLANG_ENABLE_MODULES = YES;
				CLANG_ENABLE_OBJC_ARC = YES;
				CLANG_ENABLE_OBJC_WEAK = YES;
				CLANG_WARN_BLOCK_CAPTURE_AUTORELEASING = YES;
				CLANG_WARN_BOOL_CONVERSION = YES;
				CLANG_WARN_COMMA = YES;
				CLANG_WARN_CONSTANT_CONVERSION = YES;
				CLANG_WARN_DEPRECATED_OBJC_IMPLEMENTATIONS = YES;
				CLANG_WARN_DIRECT_OBJC_ISA_USAGE = YES_ERROR;
				CLANG_WARN_DOCUMENTATION_COMMENTS = YES;
				CLANG_WARN_EMPTY_BODY = YES;
				CLANG_WARN_ENUM_CONVERSION = YES;
				CLANG_WARN_INFINITE_RECURSION = YES;
				CLANG_WARN_INT_CONVERSION = YES;
				CLANG_WARN_NON_LITERAL_NULL_CONVERSION = YES;
				CLANG_WARN_OBJC_IMPLICIT_RETAIN_SELF = YES;
				CLANG_WARN_OBJC_LITERAL_CONVERSION = YES;
				CLANG_WARN_OBJC_ROOT_CLASS = YES_ERROR;
				CLANG_WARN_QUOTED_INCLUDE_IN_FRAMEWORK_HEADER = YES;
				CLANG_WARN_RANGE_LOOP_ANALYSIS = YES;
				CLANG_WARN_STRICT_PROTOTYPES = YES;
				CLANG_WARN_SUSPICIOUS_MOVE = YES;
				CLANG_WARN_UNGUARDED_AVAILABILITY = YES_AGGRESSIVE;
				CLANG_WARN_UNREACHABLE_CODE = YES;
				CLANG_WARN__DUPLICATE_METHOD_MATCH = YES;
				COPY_PHASE_STRIP = NO;
				DEBUG_INFORMATION_FORMAT = dwarf;
				ENABLE_STRICT_OBJC_MSGSEND = YES;
				ENABLE_TESTABILITY = YES;
				GCC_C_LANGUAGE_STANDARD = gnu11;
				GCC_DYNAMIC_NO_PIC = NO;
				GCC_NO_COMMON_BLOCKS = YES;
				GCC_OPTIMIZATION_LEVEL = 0;
				GCC_PREPROCESSOR_DEFINITIONS = (
					"DEBUG=1",
					"$(inherited)",
				);
				GCC_WARN_64_TO_32_BIT_CONVERSION = YES;
				GCC_WARN_ABOUT_RETURN_TYPE = YES_ERROR;
				GCC_WARN_UNDECLARED_SELECTOR = YES;
				GCC_WARN_UNINITIALIZED_AUTOS = YES_AGGRESSIVE;
				GCC_WARN_UNUSED_FUNCTION = YES;
				GCC_WARN_UNUSED_VARIABLE = YES;
				IPHONEOS_DEPLOYMENT_TARGET = 15.4;
				MTL_ENABLE_DEBUG_INFO = INCLUDE_SOURCE;
				MTL_FAST_MATH = YES;
				ONLY_ACTIVE_ARCH = YES;
				SDKROOT = iphoneos;
				SWIFT_ACTIVE_COMPILATION_CONDITIONS = DEBUG;
				SWIFT_OPTIMIZATION_LEVEL = "-Onone";
			};
			name = Debug;
		};
		F0B4E69627F8E4DD000810FB /* Release */ = {
			isa = XCBuildConfiguration;
			buildSettings = {
				ALWAYS_SEARCH_USER_PATHS = NO;
				CLANG_ANALYZER_NONNULL = YES;
				CLANG_ANALYZER_NUMBER_OBJECT_CONVERSION = YES_AGGRESSIVE;
				CLANG_CXX_LANGUAGE_STANDARD = "gnu++17";
				CLANG_ENABLE_MODULES = YES;
				CLANG_ENABLE_OBJC_ARC = YES;
				CLANG_ENABLE_OBJC_WEAK = YES;
				CLANG_WARN_BLOCK_CAPTURE_AUTORELEASING = YES;
				CLANG_WARN_BOOL_CONVERSION = YES;
				CLANG_WARN_COMMA = YES;
				CLANG_WARN_CONSTANT_CONVERSION = YES;
				CLANG_WARN_DEPRECATED_OBJC_IMPLEMENTATIONS = YES;
				CLANG_WARN_DIRECT_OBJC_ISA_USAGE = YES_ERROR;
				CLANG_WARN_DOCUMENTATION_COMMENTS = YES;
				CLANG_WARN_EMPTY_BODY = YES;
				CLANG_WARN_ENUM_CONVERSION = YES;
				CLANG_WARN_INFINITE_RECURSION = YES;
				CLANG_WARN_INT_CONVERSION = YES;
				CLANG_WARN_NON_LITERAL_NULL_CONVERSION = YES;
				CLANG_WARN_OBJC_IMPLICIT_RETAIN_SELF = YES;
				CLANG_WARN_OBJC_LITERAL_CONVERSION = YES;
				CLANG_WARN_OBJC_ROOT_CLASS = YES_ERROR;
				CLANG_WARN_QUOTED_INCLUDE_IN_FRAMEWORK_HEADER = YES;
				CLANG_WARN_RANGE_LOOP_ANALYSIS = YES;
				CLANG_WARN_STRICT_PROTOTYPES = YES;
				CLANG_WARN_SUSPICIOUS_MOVE = YES;
				CLANG_WARN_UNGUARDED_AVAILABILITY = YES_AGGRESSIVE;
				CLANG_WARN_UNREACHABLE_CODE = YES;
				CLANG_WARN__DUPLICATE_METHOD_MATCH = YES;
				COPY_PHASE_STRIP = NO;
				DEBUG_INFORMATION_FORMAT = "dwarf-with-dsym";
				ENABLE_NS_ASSERTIONS = NO;
				ENABLE_STRICT_OBJC_MSGSEND = YES;
				GCC_C_LANGUAGE_STANDARD = gnu11;
				GCC_NO_COMMON_BLOCKS = YES;
				GCC_WARN_64_TO_32_BIT_CONVERSION = YES;
				GCC_WARN_ABOUT_RETURN_TYPE = YES_ERROR;
				GCC_WARN_UNDECLARED_SELECTOR = YES;
				GCC_WARN_UNINITIALIZED_AUTOS = YES_AGGRESSIVE;
				GCC_WARN_UNUSED_FUNCTION = YES;
				GCC_WARN_UNUSED_VARIABLE = YES;
				IPHONEOS_DEPLOYMENT_TARGET = 15.4;
				MTL_ENABLE_DEBUG_INFO = NO;
				MTL_FAST_MATH = YES;
				SDKROOT = iphoneos;
				SWIFT_COMPILATION_MODE = wholemodule;
				SWIFT_OPTIMIZATION_LEVEL = "-O";
				VALIDATE_PRODUCT = YES;
			};
			name = Release;
		};
		F0B4E69827F8E4DD000810FB /* Debug */ = {
			isa = XCBuildConfiguration;
			buildSettings = {
				ASSETCATALOG_COMPILER_APPICON_NAME = AppIcon;
				ASSETCATALOG_COMPILER_GLOBAL_ACCENT_COLOR_NAME = AccentColor;
				CODE_SIGN_STYLE = Automatic;
				CURRENT_PROJECT_VERSION = 1;
				GENERATE_INFOPLIST_FILE = YES;
				INFOPLIST_FILE = MyContactsAppCD/Info.plist;
				INFOPLIST_KEY_UIApplicationSupportsIndirectInputEvents = YES;
				INFOPLIST_KEY_UILaunchStoryboardName = LaunchScreen;
				INFOPLIST_KEY_UIMainStoryboardFile = Main;
				INFOPLIST_KEY_UISupportedInterfaceOrientations_iPad = "UIInterfaceOrientationPortrait UIInterfaceOrientationPortraitUpsideDown UIInterfaceOrientationLandscapeLeft UIInterfaceOrientationLandscapeRight";
				INFOPLIST_KEY_UISupportedInterfaceOrientations_iPhone = "UIInterfaceOrientationPortrait UIInterfaceOrientationLandscapeLeft UIInterfaceOrientationLandscapeRight";
				LD_RUNPATH_SEARCH_PATHS = (
					"$(inherited)",
					"@executable_path/Frameworks",
				);
				MARKETING_VERSION = 1.0;
				PRODUCT_BUNDLE_IDENTIFIER = kushal.MyContactsAppCD;
				PRODUCT_NAME = "$(TARGET_NAME)";
				SWIFT_EMIT_LOC_STRINGS = YES;
				SWIFT_VERSION = 5.0;
				TARGETED_DEVICE_FAMILY = "1,2";
			};
			name = Debug;
		};
		F0B4E69927F8E4DD000810FB /* Release */ = {
			isa = XCBuildConfiguration;
			buildSettings = {
				ASSETCATALOG_COMPILER_APPICON_NAME = AppIcon;
				ASSETCATALOG_COMPILER_GLOBAL_ACCENT_COLOR_NAME = AccentColor;
				CODE_SIGN_STYLE = Automatic;
				CURRENT_PROJECT_VERSION = 1;
				GENERATE_INFOPLIST_FILE = YES;
				INFOPLIST_FILE = MyContactsAppCD/Info.plist;
				INFOPLIST_KEY_UIApplicationSupportsIndirectInputEvents = YES;
				INFOPLIST_KEY_UILaunchStoryboardName = LaunchScreen;
				INFOPLIST_KEY_UIMainStoryboardFile = Main;
				INFOPLIST_KEY_UISupportedInterfaceOrientations_iPad = "UIInterfaceOrientationPortrait UIInterfaceOrientationPortraitUpsideDown UIInterfaceOrientationLandscapeLeft UIInterfaceOrientationLandscapeRight";
				INFOPLIST_KEY_UISupportedInterfaceOrientations_iPhone = "UIInterfaceOrientationPortrait UIInterfaceOrientationLandscapeLeft UIInterfaceOrientationLandscapeRight";
				LD_RUNPATH_SEARCH_PATHS = (
					"$(inherited)",
					"@executable_path/Frameworks",
				);
				MARKETING_VERSION = 1.0;
				PRODUCT_BUNDLE_IDENTIFIER = kushal.MyContactsAppCD;
				PRODUCT_NAME = "$(TARGET_NAME)";
				SWIFT_EMIT_LOC_STRINGS = YES;
				SWIFT_VERSION = 5.0;
				TARGETED_DEVICE_FAMILY = "1,2";
			};
			name = Release;
		};
/* End XCBuildConfiguration section */

/* Begin XCConfigurationList section */
		F0B4E67B27F8E4DB000810FB /* Build configuration list for PBXProject "MyContactsAppCD" */ = {
			isa = XCConfigurationList;
			buildConfigurations = (
				F0B4E69527F8E4DD000810FB /* Debug */,
				F0B4E69627F8E4DD000810FB /* Release */,
			);
			defaultConfigurationIsVisible = 0;
			defaultConfigurationName = Release;
		};
		F0B4E69727F8E4DD000810FB /* Build configuration list for PBXNativeTarget "MyContactsAppCD" */ = {
			isa = XCConfigurationList;
			buildConfigurations = (
				F0B4E69827F8E4DD000810FB /* Debug */,
				F0B4E69927F8E4DD000810FB /* Release */,
			);
			defaultConfigurationIsVisible = 0;
			defaultConfigurationName = Release;
		};
/* End XCConfigurationList section */

/* Begin XCVersionGroup section */
		F0B4E68C27F8E4DB000810FB /* MyContactsAppCD.xcdatamodeld */ = {
			isa = XCVersionGroup;
			children = (
				F0B4E68D27F8E4DB000810FB /* MyContactsAppCD.xcdatamodel */,
			);
			currentVersion = F0B4E68D27F8E4DB000810FB /* MyContactsAppCD.xcdatamodel */;
			path = MyContactsAppCD.xcdatamodeld;
			sourceTree = "<group>";
			versionGroupType = wrapper.xcdatamodel;
		};
/* End XCVersionGroup section */
	};
	rootObject = F0B4E67827F8E4DB000810FB /* Project object */;
}
